{
  "name": "ocl",
  "lockfileVersion": 3,
  "requires": true,
  "packages": {
    "": {
      "dependencies": {
        "@octopusdeploy/ocl": "^0.1.1"
      }
    },
    "node_modules/@octopusdeploy/ocl": {
      "version": "0.1.1",
      "resolved": "https://registry.npmjs.org/@octopusdeploy/ocl/-/ocl-0.1.1.tgz",
      "integrity": "sha512-8qDYpLFQsDDoyPAQEvbUo/RdYbZVsh5qA5of8nQ4gepOrIv8fRxtIWFhFQSlTsY38AFjsmTVUnxlPPquCkjXUA=="
    }
  }
}
